
Microsoft Visual Studio Solution File, Format Version 12.00
# Visual Studio Version 17
VisualStudioVersion = 17.0.31903.59
MinimumVisualStudioVersion = 10.0.40219.1
Project("{FAE04EC0-301F-11D3-BF4B-00C04F79EFBC}") = "RB_Skin_Forge.Core", "RB_Skin_Forge.Core\RB_Skin_Forge.Core.csproj", "{3FD9EDEF-725B-4EAF-A213-229CDA0C73C8}"
EndProject
Project("{FAE04EC0-301F-11D3-BF4B-00C04F79EFBC}") = "RB_Skin_Forge.Web", "RB_Skin_Forge.Web\RB_Skin_Forge.Web.csproj", "{6D327D4F-E17F-4B0B-94CC-685169FF42DB}"
EndProject
Project("{FAE04EC0-301F-11D3-BF4B-00C04F79EFBC}") = "RB_Skin_Forge.Maui", "RB_Skin_Forge.Maui\RB_Skin_Forge.Maui.csproj", "{FF525883-6213-4200-B042-A93DB50A5984}"
EndProject
Global
	GlobalSection(SolutionConfigurationPlatforms) = preSolution
		Debug|Any CPU = Debug|Any CPU
		Debug|x64 = Debug|x64
		Debug|x86 = Debug|x86
		Release|Any CPU = Release|Any CPU
		Release|x64 = Release|x64
		Release|x86 = Release|x86
	EndGlobalSection
	GlobalSection(ProjectConfigurationPlatforms) = postSolution
		{3FD9EDEF-725B-4EAF-A213-229CDA0C73C8}.Debug|Any CPU.ActiveCfg = Debug|Any CPU
		{3FD9EDEF-725B-4EAF-A213-229CDA0C73C8}.Debug|Any CPU.Build.0 = Debug|Any CPU
		{3FD9EDEF-725B-4EAF-A213-229CDA0C73C8}.Debug|x64.ActiveCfg = Debug|Any CPU
		{3FD9EDEF-725B-4EAF-A213-229CDA0C73C8}.Debug|x64.Build.0 = Debug|Any CPU
		{3FD9EDEF-725B-4EAF-A213-229CDA0C73C8}.Debug|x86.ActiveCfg = Debug|Any CPU
		{3FD9EDEF-725B-4EAF-A213-229CDA0C73C8}.Debug|x86.Build.0 = Debug|Any CPU
		{3FD9EDEF-725B-4EAF-A213-229CDA0C73C8}.Release|Any CPU.ActiveCfg = Release|Any CPU
		{3FD9EDEF-725B-4EAF-A213-229CDA0C73C8}.Release|Any CPU.Build.0 = Release|Any CPU
		{3FD9EDEF-725B-4EAF-A213-229CDA0C73C8}.Release|x64.ActiveCfg = Release|Any CPU
		{3FD9EDEF-725B-4EAF-A213-229CDA0C73C8}.Release|x64.Build.0 = Release|Any CPU
		{3FD9EDEF-725B-4EAF-A213-229CDA0C73C8}.Release|x86.ActiveCfg = Release|Any CPU
		{3FD9EDEF-725B-4EAF-A213-229CDA0C73C8}.Release|x86.Build.0 = Release|Any CPU
		{6D327D4F-E17F-4B0B-94CC-685169FF42DB}.Debug|Any CPU.ActiveCfg = Debug|Any CPU
		{6D327D4F-E17F-4B0B-94CC-685169FF42DB}.Debug|Any CPU.Build.0 = Debug|Any CPU
		{6D327D4F-E17F-4B0B-94CC-685169FF42DB}.Debug|x64.ActiveCfg = Debug|Any CPU
		{6D327D4F-E17F-4B0B-94CC-685169FF42DB}.Debug|x64.Build.0 = Debug|Any CPU
		{6D327D4F-E17F-4B0B-94CC-685169FF42DB}.Debug|x86.ActiveCfg = Debug|Any CPU
		{6D327D4F-E17F-4B0B-94CC-685169FF42DB}.Debug|x86.Build.0 = Debug|Any CPU
		{6D327D4F-E17F-4B0B-94CC-685169FF42DB}.Release|Any CPU.ActiveCfg = Release|Any CPU
		{6D327D4F-E17F-4B0B-94CC-685169FF42DB}.Release|Any CPU.Build.0 = Release|Any CPU
		{6D327D4F-E17F-4B0B-94CC-685169FF42DB}.Release|x64.ActiveCfg = Release|Any CPU
		{6D327D4F-E17F-4B0B-94CC-685169FF42DB}.Release|x64.Build.0 = Release|Any CPU
		{6D327D4F-E17F-4B0B-94CC-685169FF42DB}.Release|x86.ActiveCfg = Release|Any CPU
		{6D327D4F-E17F-4B0B-94CC-685169FF42DB}.Release|x86.Build.0 = Release|Any CPU
		{FF525883-6213-4200-B042-A93DB50A5984}.Debug|Any CPU.ActiveCfg = Debug|Any CPU
		{FF525883-6213-4200-B042-A93DB50A5984}.Debug|Any CPU.Build.0 = Debug|Any CPU
		{FF525883-6213-4200-B042-A93DB50A5984}.Debug|x64.ActiveCfg = Debug|Any CPU
		{FF525883-6213-4200-B042-A93DB50A5984}.Debug|x64.Build.0 = Debug|Any CPU
		{FF525883-6213-4200-B042-A93DB50A5984}.Debug|x86.ActiveCfg = Debug|Any CPU
		{FF525883-6213-4200-B042-A93DB50A5984}.Debug|x86.Build.0 = Debug|Any CPU
		{FF525883-6213-4200-B042-A93DB50A5984}.Release|Any CPU.ActiveCfg = Release|Any CPU
		{FF525883-6213-4200-B042-A93DB50A5984}.Release|Any CPU.Build.0 = Release|Any CPU
		{FF525883-6213-4200-B042-A93DB50A5984}.Release|x64.ActiveCfg = Release|Any CPU
		{FF525883-6213-4200-B042-A93DB50A5984}.Release|x64.Build.0 = Release|Any CPU
		{FF525883-6213-4200-B042-A93DB50A5984}.Release|x86.ActiveCfg = Release|Any CPU
		{FF525883-6213-4200-B042-A93DB50A5984}.Release|x86.Build.0 = Release|Any CPU
	EndGlobalSection
	GlobalSection(SolutionProperties) = preSolution
		HideSolutionNode = FALSE
	EndGlobalSection
EndGlobal
